
Microsoft Visual Studio Solution File, Format Version 12.00
# Visual Studio Version 17
VisualStudioVersion = 17.6.33815.320
MinimumVisualStudioVersion = 10.0.40219.1
Project("{9A19103F-16F7-4668-BE54-9A1E7A4F7556}") = "DynamicTradeInterface", "DynamicTradeInterface.csproj", "{CAC797BC-4355-4364-9291-400B687AE849}"
EndProject
Global
	GlobalSection(SolutionConfigurationPlatforms) = preSolution
		1.4|Any CPU = 1.4|Any CPU
		1.5|Any CPU = 1.5|Any CPU
		Debug|Any CPU = Debug|Any CPU
		Hotswap|Any CPU = Hotswap|Any CPU
	EndGlobalSection
	GlobalSection(ProjectConfigurationPlatforms) = postSolution
		{CAC797BC-4355-4364-9291-400B687AE849}.1.4|Any CPU.ActiveCfg = 1.4|Any CPU
		{CAC797BC-4355-4364-9291-400B687AE849}.1.4|Any CPU.Build.0 = 1.4|Any CPU
		{CAC797BC-4355-4364-9291-400B687AE849}.1.5|Any CPU.ActiveCfg = 1.5|Any CPU
		{CAC797BC-4355-4364-9291-400B687AE849}.1.5|Any CPU.Build.0 = 1.5|Any CPU
		{CAC797BC-4355-4364-9291-400B687AE849}.Debug|Any CPU.ActiveCfg = Debug|Any CPU
		{CAC797BC-4355-4364-9291-400B687AE849}.Debug|Any CPU.Build.0 = Debug|Any CPU
		{CAC797BC-4355-4364-9291-400B687AE849}.Hotswap|Any CPU.ActiveCfg = Hotswap|Any CPU
		{CAC797BC-4355-4364-9291-400B687AE849}.Hotswap|Any CPU.Build.0 = Hotswap|Any CPU
	EndGlobalSection
	GlobalSection(SolutionProperties) = preSolution
		HideSolutionNode = FALSE
	EndGlobalSection
	GlobalSection(ExtensibilityGlobals) = postSolution
		SolutionGuid = {88358430-4DD0-4421-BDF3-3D09B125A5D4}
	EndGlobalSection
EndGlobal
